
Microsoft Visual Studio Solution File, Format Version 12.00
# Visual Studio 15
VisualStudioVersion = 15.0.28010.2048
MinimumVisualStudioVersion = 10.0.40219.1
Project("{FAE04EC0-301F-11D3-BF4B-00C04F79EFBC}") = "SimpleCrawler", "SimpleCrawler\SimpleCrawler.csproj", "{20F05650-9BE5-47AB-BF70-7752B9390AB5}"
EndProject
Global
	GlobalSection(SolutionConfigurationPlatforms) = preSolution
		Debug|Any CPU = Debug|Any CPU
		Release|Any CPU = Release|Any CPU
	EndGlobalSection
	GlobalSection(ProjectConfigurationPlatforms) = postSolution
		{20F05650-9BE5-47AB-BF70-7752B9390AB5}.Debug|Any CPU.ActiveCfg = Debug|Any CPU
		{20F05650-9BE5-47AB-BF70-7752B9390AB5}.Debug|Any CPU.Build.0 = Debug|Any CPU
		{20F05650-9BE5-47AB-BF70-7752B9390AB5}.Release|Any CPU.ActiveCfg = Release|Any CPU
		{20F05650-9BE5-47AB-BF70-7752B9390AB5}.Release|Any CPU.Build.0 = Release|Any CPU
	EndGlobalSection
	GlobalSection(SolutionProperties) = preSolution
		HideSolutionNode = FALSE
	EndGlobalSection
	GlobalSection(ExtensibilityGlobals) = postSolution
		SolutionGuid = {0EF2E888-EDD7-4AD2-8D58-9F5EDAF4D518}
	EndGlobalSection
EndGlobal
