
Microsoft Visual Studio Solution File, Format Version 12.00
# Visual Studio 15
VisualStudioVersion = 15.0.28010.2019
MinimumVisualStudioVersion = 10.0.40219.1
Project("{FAE04EC0-301F-11D3-BF4B-00C04F79EFBC}") = "Program2", "Program2\Program2.csproj", "{407C9AB5-0955-4A20-B6AC-4F8AD34619B3}"
EndProject
Global
	GlobalSection(SolutionConfigurationPlatforms) = preSolution
		Debug|Any CPU = Debug|Any CPU
		Release|Any CPU = Release|Any CPU
	EndGlobalSection
	GlobalSection(ProjectConfigurationPlatforms) = postSolution
		{407C9AB5-0955-4A20-B6AC-4F8AD34619B3}.Debug|Any CPU.ActiveCfg = Debug|Any CPU
		{407C9AB5-0955-4A20-B6AC-4F8AD34619B3}.Debug|Any CPU.Build.0 = Debug|Any CPU
		{407C9AB5-0955-4A20-B6AC-4F8AD34619B3}.Release|Any CPU.ActiveCfg = Release|Any CPU
		{407C9AB5-0955-4A20-B6AC-4F8AD34619B3}.Release|Any CPU.Build.0 = Release|Any CPU
	EndGlobalSection
	GlobalSection(SolutionProperties) = preSolution
		HideSolutionNode = FALSE
	EndGlobalSection
	GlobalSection(ExtensibilityGlobals) = postSolution
		SolutionGuid = {EEFFBCE1-AA5C-4720-84B5-A14947F938CA}
	EndGlobalSection
EndGlobal
