
Microsoft Visual Studio Solution File, Format Version 12.00
# Visual Studio 15
VisualStudioVersion = 15.0.28010.2019
MinimumVisualStudioVersion = 10.0.40219.1
Project("{FAE04EC0-301F-11D3-BF4B-00C04F79EFBC}") = "P78_6", "P78_6\P78_6.csproj", "{FEC6CC84-CA13-463D-9969-5BC7A0F682FB}"
EndProject
Project("{FAE04EC0-301F-11D3-BF4B-00C04F79EFBC}") = "P78_7", "P78_7\P78_7.csproj", "{29CA6F21-0F45-4F3A-B077-B6ADA63C6593}"
EndProject
Project("{FAE04EC0-301F-11D3-BF4B-00C04F79EFBC}") = "P78_9", "P78_9\P78_9.csproj", "{13B1F7CC-1AF1-4D90-8A10-94ACA52A59EC}"
EndProject
Global
	GlobalSection(SolutionConfigurationPlatforms) = preSolution
		Debug|Any CPU = Debug|Any CPU
		Release|Any CPU = Release|Any CPU
	EndGlobalSection
	GlobalSection(ProjectConfigurationPlatforms) = postSolution
		{FEC6CC84-CA13-463D-9969-5BC7A0F682FB}.Debug|Any CPU.ActiveCfg = Debug|Any CPU
		{FEC6CC84-CA13-463D-9969-5BC7A0F682FB}.Debug|Any CPU.Build.0 = Debug|Any CPU
		{FEC6CC84-CA13-463D-9969-5BC7A0F682FB}.Release|Any CPU.ActiveCfg = Release|Any CPU
		{FEC6CC84-CA13-463D-9969-5BC7A0F682FB}.Release|Any CPU.Build.0 = Release|Any CPU
		{29CA6F21-0F45-4F3A-B077-B6ADA63C6593}.Debug|Any CPU.ActiveCfg = Debug|Any CPU
		{29CA6F21-0F45-4F3A-B077-B6ADA63C6593}.Debug|Any CPU.Build.0 = Debug|Any CPU
		{29CA6F21-0F45-4F3A-B077-B6ADA63C6593}.Release|Any CPU.ActiveCfg = Release|Any CPU
		{29CA6F21-0F45-4F3A-B077-B6ADA63C6593}.Release|Any CPU.Build.0 = Release|Any CPU
		{13B1F7CC-1AF1-4D90-8A10-94ACA52A59EC}.Debug|Any CPU.ActiveCfg = Debug|Any CPU
		{13B1F7CC-1AF1-4D90-8A10-94ACA52A59EC}.Debug|Any CPU.Build.0 = Debug|Any CPU
		{13B1F7CC-1AF1-4D90-8A10-94ACA52A59EC}.Release|Any CPU.ActiveCfg = Release|Any CPU
		{13B1F7CC-1AF1-4D90-8A10-94ACA52A59EC}.Release|Any CPU.Build.0 = Release|Any CPU
	EndGlobalSection
	GlobalSection(SolutionProperties) = preSolution
		HideSolutionNode = FALSE
	EndGlobalSection
	GlobalSection(ExtensibilityGlobals) = postSolution
		SolutionGuid = {3CDDF937-D75B-4101-B43F-B83C36478D9F}
	EndGlobalSection
EndGlobal
