
Microsoft Visual Studio Solution File, Format Version 12.00
# Visual Studio 15
VisualStudioVersion = 15.0.28010.2019
MinimumVisualStudioVersion = 10.0.40219.1
Project("{FAE04EC0-301F-11D3-BF4B-00C04F79EFBC}") = "progrom1", "progrom1\progrom1.csproj", "{2EEA93EC-1F91-49B8-875F-CCC86BD0D55A}"
EndProject
Project("{FAE04EC0-301F-11D3-BF4B-00C04F79EFBC}") = "progrom2", "progrom2\progrom2.csproj", "{4E311506-592C-486B-8845-D8328FBFDA72}"
EndProject
Project("{FAE04EC0-301F-11D3-BF4B-00C04F79EFBC}") = "ordertest", "ordertest\ordertest.csproj", "{ACDF6988-894E-46B2-AD83-2028D84ABF9D}"
EndProject
Global
	GlobalSection(SolutionConfigurationPlatforms) = preSolution
		Debug|Any CPU = Debug|Any CPU
		Release|Any CPU = Release|Any CPU
	EndGlobalSection
	GlobalSection(ProjectConfigurationPlatforms) = postSolution
		{2EEA93EC-1F91-49B8-875F-CCC86BD0D55A}.Debug|Any CPU.ActiveCfg = Debug|Any CPU
		{2EEA93EC-1F91-49B8-875F-CCC86BD0D55A}.Debug|Any CPU.Build.0 = Debug|Any CPU
		{2EEA93EC-1F91-49B8-875F-CCC86BD0D55A}.Release|Any CPU.ActiveCfg = Release|Any CPU
		{2EEA93EC-1F91-49B8-875F-CCC86BD0D55A}.Release|Any CPU.Build.0 = Release|Any CPU
		{4E311506-592C-486B-8845-D8328FBFDA72}.Debug|Any CPU.ActiveCfg = Debug|Any CPU
		{4E311506-592C-486B-8845-D8328FBFDA72}.Debug|Any CPU.Build.0 = Debug|Any CPU
		{4E311506-592C-486B-8845-D8328FBFDA72}.Release|Any CPU.ActiveCfg = Release|Any CPU
		{4E311506-592C-486B-8845-D8328FBFDA72}.Release|Any CPU.Build.0 = Release|Any CPU
		{ACDF6988-894E-46B2-AD83-2028D84ABF9D}.Debug|Any CPU.ActiveCfg = Debug|Any CPU
		{ACDF6988-894E-46B2-AD83-2028D84ABF9D}.Debug|Any CPU.Build.0 = Debug|Any CPU
		{ACDF6988-894E-46B2-AD83-2028D84ABF9D}.Release|Any CPU.ActiveCfg = Release|Any CPU
		{ACDF6988-894E-46B2-AD83-2028D84ABF9D}.Release|Any CPU.Build.0 = Release|Any CPU
	EndGlobalSection
	GlobalSection(SolutionProperties) = preSolution
		HideSolutionNode = FALSE
	EndGlobalSection
	GlobalSection(ExtensibilityGlobals) = postSolution
		SolutionGuid = {97FF6C73-8E99-4284-A9FB-7FC6EAD81F46}
	EndGlobalSection
EndGlobal
