
Microsoft Visual Studio Solution File, Format Version 12.00
# Visual Studio 15
VisualStudioVersion = 15.0.28010.2048
MinimumVisualStudioVersion = 10.0.40219.1
Project("{FAE04EC0-301F-11D3-BF4B-00C04F79EFBC}") = "myOrder", "myOrder\myOrder.csproj", "{56AFC219-0F7C-4CAD-A769-E6228DBBB85F}"
EndProject
Project("{FAE04EC0-301F-11D3-BF4B-00C04F79EFBC}") = "WinForm", "WinForm\WinForm.csproj", "{FACFA318-F0A5-4D61-9554-AC40A764C6BC}"
EndProject
Global
	GlobalSection(SolutionConfigurationPlatforms) = preSolution
		Debug|Any CPU = Debug|Any CPU
		Release|Any CPU = Release|Any CPU
	EndGlobalSection
	GlobalSection(ProjectConfigurationPlatforms) = postSolution
		{56AFC219-0F7C-4CAD-A769-E6228DBBB85F}.Debug|Any CPU.ActiveCfg = Debug|Any CPU
		{56AFC219-0F7C-4CAD-A769-E6228DBBB85F}.Debug|Any CPU.Build.0 = Debug|Any CPU
		{56AFC219-0F7C-4CAD-A769-E6228DBBB85F}.Release|Any CPU.ActiveCfg = Release|Any CPU
		{56AFC219-0F7C-4CAD-A769-E6228DBBB85F}.Release|Any CPU.Build.0 = Release|Any CPU
		{FACFA318-F0A5-4D61-9554-AC40A764C6BC}.Debug|Any CPU.ActiveCfg = Debug|Any CPU
		{FACFA318-F0A5-4D61-9554-AC40A764C6BC}.Debug|Any CPU.Build.0 = Debug|Any CPU
		{FACFA318-F0A5-4D61-9554-AC40A764C6BC}.Release|Any CPU.ActiveCfg = Release|Any CPU
		{FACFA318-F0A5-4D61-9554-AC40A764C6BC}.Release|Any CPU.Build.0 = Release|Any CPU
	EndGlobalSection
	GlobalSection(SolutionProperties) = preSolution
		HideSolutionNode = FALSE
	EndGlobalSection
	GlobalSection(ExtensibilityGlobals) = postSolution
		SolutionGuid = {5ABBE976-3983-4EBC-BF86-E2C02BA2EB36}
	EndGlobalSection
EndGlobal
